
Microsoft Visual Studio Solution File, Format Version 12.00
# Visual Studio 15
VisualStudioVersion = 15.0.26228.4
MinimumVisualStudioVersion = 10.0.40219.1
Project("{FAE04EC0-301F-11D3-BF4B-00C04F79EFBC}") = "SmartMiles.Web", "SmartMiles.Web\SmartMiles.Web.csproj", "{EB57F8BC-AC48-4527-9222-F33A3C3DB8F0}"
EndProject
Global
	GlobalSection(SolutionConfigurationPlatforms) = preSolution
		Debug|Any CPU = Debug|Any CPU
		Release|Any CPU = Release|Any CPU
	EndGlobalSection
	GlobalSection(ProjectConfigurationPlatforms) = postSolution
		{EB57F8BC-AC48-4527-9222-F33A3C3DB8F0}.Debug|Any CPU.ActiveCfg = Debug|Any CPU
		{EB57F8BC-AC48-4527-9222-F33A3C3DB8F0}.Debug|Any CPU.Build.0 = Debug|Any CPU
		{EB57F8BC-AC48-4527-9222-F33A3C3DB8F0}.Release|Any CPU.ActiveCfg = Release|Any CPU
		{EB57F8BC-AC48-4527-9222-F33A3C3DB8F0}.Release|Any CPU.Build.0 = Release|Any CPU
	EndGlobalSection
	GlobalSection(SolutionProperties) = preSolution
		HideSolutionNode = FALSE
	EndGlobalSection
EndGlobal
